
Microsoft Visual Studio Solution File, Format Version 12.00
# Visual Studio 15
VisualStudioVersion = 15.0.26730.16
MinimumVisualStudioVersion = 10.0.40219.1
Project("{FAE04EC0-301F-11D3-BF4B-00C04F79EFBC}") = "01. Max Sequence of Equal Elements", "01. Max Sequence of Equal Elements\01. Max Sequence of Equal Elements.csproj", "{D5A5A046-4971-4D12-84B5-96456A2589E0}"
EndProject
Project("{FAE04EC0-301F-11D3-BF4B-00C04F79EFBC}") = "02. Change List", "02. Change List\02. Change List.csproj", "{932D91C4-0F58-494F-AC6E-0152C45803F7}"
EndProject
Project("{FAE04EC0-301F-11D3-BF4B-00C04F79EFBC}") = "03. Search for a Number", "03. Search for a Number\03. Search for a Number.csproj", "{1A8279E9-BD6F-476B-A0B3-0D2803397872}"
EndProject
Project("{FAE04EC0-301F-11D3-BF4B-00C04F79EFBC}") = "05. Array Manipulator", "05. Array Manipulator\05. Array Manipulator.csproj", "{2F054C0B-A25A-40B6-9619-2E7D11499F09}"
EndProject
Project("{FAE04EC0-301F-11D3-BF4B-00C04F79EFBC}") = "07. Bomb Numbers", "07. Bomb Numbers\07. Bomb Numbers.csproj", "{C218A6D8-5FB6-4E0B-AEF7-5B78ED90CF1F}"
EndProject
Project("{FAE04EC0-301F-11D3-BF4B-00C04F79EFBC}") = "06. Sum Reversed Numbers", "06. Sum Reversed Numbers\06. Sum Reversed Numbers.csproj", "{DFEBE8A7-63FA-4DF0-B040-F0EEF7F68987}"
EndProject
Global
	GlobalSection(SolutionConfigurationPlatforms) = preSolution
		Debug|Any CPU = Debug|Any CPU
		Release|Any CPU = Release|Any CPU
	EndGlobalSection
	GlobalSection(ProjectConfigurationPlatforms) = postSolution
		{D5A5A046-4971-4D12-84B5-96456A2589E0}.Debug|Any CPU.ActiveCfg = Debug|Any CPU
		{D5A5A046-4971-4D12-84B5-96456A2589E0}.Debug|Any CPU.Build.0 = Debug|Any CPU
		{D5A5A046-4971-4D12-84B5-96456A2589E0}.Release|Any CPU.ActiveCfg = Release|Any CPU
		{D5A5A046-4971-4D12-84B5-96456A2589E0}.Release|Any CPU.Build.0 = Release|Any CPU
		{932D91C4-0F58-494F-AC6E-0152C45803F7}.Debug|Any CPU.ActiveCfg = Debug|Any CPU
		{932D91C4-0F58-494F-AC6E-0152C45803F7}.Debug|Any CPU.Build.0 = Debug|Any CPU
		{932D91C4-0F58-494F-AC6E-0152C45803F7}.Release|Any CPU.ActiveCfg = Release|Any CPU
		{932D91C4-0F58-494F-AC6E-0152C45803F7}.Release|Any CPU.Build.0 = Release|Any CPU
		{1A8279E9-BD6F-476B-A0B3-0D2803397872}.Debug|Any CPU.ActiveCfg = Debug|Any CPU
		{1A8279E9-BD6F-476B-A0B3-0D2803397872}.Debug|Any CPU.Build.0 = Debug|Any CPU
		{1A8279E9-BD6F-476B-A0B3-0D2803397872}.Release|Any CPU.ActiveCfg = Release|Any CPU
		{1A8279E9-BD6F-476B-A0B3-0D2803397872}.Release|Any CPU.Build.0 = Release|Any CPU
		{2F054C0B-A25A-40B6-9619-2E7D11499F09}.Debug|Any CPU.ActiveCfg = Debug|Any CPU
		{2F054C0B-A25A-40B6-9619-2E7D11499F09}.Debug|Any CPU.Build.0 = Debug|Any CPU
		{2F054C0B-A25A-40B6-9619-2E7D11499F09}.Release|Any CPU.ActiveCfg = Release|Any CPU
		{2F054C0B-A25A-40B6-9619-2E7D11499F09}.Release|Any CPU.Build.0 = Release|Any CPU
		{C218A6D8-5FB6-4E0B-AEF7-5B78ED90CF1F}.Debug|Any CPU.ActiveCfg = Debug|Any CPU
		{C218A6D8-5FB6-4E0B-AEF7-5B78ED90CF1F}.Debug|Any CPU.Build.0 = Debug|Any CPU
		{C218A6D8-5FB6-4E0B-AEF7-5B78ED90CF1F}.Release|Any CPU.ActiveCfg = Release|Any CPU
		{C218A6D8-5FB6-4E0B-AEF7-5B78ED90CF1F}.Release|Any CPU.Build.0 = Release|Any CPU
		{DFEBE8A7-63FA-4DF0-B040-F0EEF7F68987}.Debug|Any CPU.ActiveCfg = Debug|Any CPU
		{DFEBE8A7-63FA-4DF0-B040-F0EEF7F68987}.Debug|Any CPU.Build.0 = Debug|Any CPU
		{DFEBE8A7-63FA-4DF0-B040-F0EEF7F68987}.Release|Any CPU.ActiveCfg = Release|Any CPU
		{DFEBE8A7-63FA-4DF0-B040-F0EEF7F68987}.Release|Any CPU.Build.0 = Release|Any CPU
	EndGlobalSection
	GlobalSection(SolutionProperties) = preSolution
		HideSolutionNode = FALSE
	EndGlobalSection
	GlobalSection(ExtensibilityGlobals) = postSolution
		SolutionGuid = {2AAA8F17-B8F0-42C8-91D8-6B135C16BF64}
	EndGlobalSection
EndGlobal
