
Microsoft Visual Studio Solution File, Format Version 12.00
# Visual Studio 15
VisualStudioVersion = 15.0.26730.16
MinimumVisualStudioVersion = 10.0.40219.1
Project("{FAE04EC0-301F-11D3-BF4B-00C04F79EFBC}") = "01. Training Lab", "01. Training Lab\01. Training Lab.csproj", "{2424132C-975A-4504-9E61-FF68E4790E7B}"
EndProject
Project("{FAE04EC0-301F-11D3-BF4B-00C04F79EFBC}") = "02. Transport Price", "02. Transport Price\02. Transport Price.csproj", "{EAC8006C-C7FA-4FAC-AC97-A0D9CDCFBF4D}"
EndProject
Project("{FAE04EC0-301F-11D3-BF4B-00C04F79EFBC}") = "03. On Time for the Exam", "03. On Time for the Exam\03. On Time for the Exam.csproj", "{AB7F4BE6-CCE0-4C0D-83E0-8CE08858A6C2}"
EndProject
Project("{FAE04EC0-301F-11D3-BF4B-00C04F79EFBC}") = "04. Histogram", "04. Histogram\04. Histogram.csproj", "{2A2DCD80-18CF-4FBC-A482-FAA150E90594}"
EndProject
Project("{FAE04EC0-301F-11D3-BF4B-00C04F79EFBC}") = "05. Draw Fort", "05. Draw Fort\05. Draw Fort.csproj", "{C848C73F-C493-4260-921D-6565DCD8263F}"
EndProject
Project("{FAE04EC0-301F-11D3-BF4B-00C04F79EFBC}") = "06. Stupid Password Generator", "06. Stupid Password Generator\06. Stupid Password Generator.csproj", "{8F379644-42C2-448A-A9E9-39BE80C85587}"
EndProject
Global
	GlobalSection(SolutionConfigurationPlatforms) = preSolution
		Debug|Any CPU = Debug|Any CPU
		Release|Any CPU = Release|Any CPU
	EndGlobalSection
	GlobalSection(ProjectConfigurationPlatforms) = postSolution
		{2424132C-975A-4504-9E61-FF68E4790E7B}.Debug|Any CPU.ActiveCfg = Debug|Any CPU
		{2424132C-975A-4504-9E61-FF68E4790E7B}.Debug|Any CPU.Build.0 = Debug|Any CPU
		{2424132C-975A-4504-9E61-FF68E4790E7B}.Release|Any CPU.ActiveCfg = Release|Any CPU
		{2424132C-975A-4504-9E61-FF68E4790E7B}.Release|Any CPU.Build.0 = Release|Any CPU
		{EAC8006C-C7FA-4FAC-AC97-A0D9CDCFBF4D}.Debug|Any CPU.ActiveCfg = Debug|Any CPU
		{EAC8006C-C7FA-4FAC-AC97-A0D9CDCFBF4D}.Debug|Any CPU.Build.0 = Debug|Any CPU
		{EAC8006C-C7FA-4FAC-AC97-A0D9CDCFBF4D}.Release|Any CPU.ActiveCfg = Release|Any CPU
		{EAC8006C-C7FA-4FAC-AC97-A0D9CDCFBF4D}.Release|Any CPU.Build.0 = Release|Any CPU
		{AB7F4BE6-CCE0-4C0D-83E0-8CE08858A6C2}.Debug|Any CPU.ActiveCfg = Debug|Any CPU
		{AB7F4BE6-CCE0-4C0D-83E0-8CE08858A6C2}.Debug|Any CPU.Build.0 = Debug|Any CPU
		{AB7F4BE6-CCE0-4C0D-83E0-8CE08858A6C2}.Release|Any CPU.ActiveCfg = Release|Any CPU
		{AB7F4BE6-CCE0-4C0D-83E0-8CE08858A6C2}.Release|Any CPU.Build.0 = Release|Any CPU
		{2A2DCD80-18CF-4FBC-A482-FAA150E90594}.Debug|Any CPU.ActiveCfg = Debug|Any CPU
		{2A2DCD80-18CF-4FBC-A482-FAA150E90594}.Debug|Any CPU.Build.0 = Debug|Any CPU
		{2A2DCD80-18CF-4FBC-A482-FAA150E90594}.Release|Any CPU.ActiveCfg = Release|Any CPU
		{2A2DCD80-18CF-4FBC-A482-FAA150E90594}.Release|Any CPU.Build.0 = Release|Any CPU
		{C848C73F-C493-4260-921D-6565DCD8263F}.Debug|Any CPU.ActiveCfg = Debug|Any CPU
		{C848C73F-C493-4260-921D-6565DCD8263F}.Debug|Any CPU.Build.0 = Debug|Any CPU
		{C848C73F-C493-4260-921D-6565DCD8263F}.Release|Any CPU.ActiveCfg = Release|Any CPU
		{C848C73F-C493-4260-921D-6565DCD8263F}.Release|Any CPU.Build.0 = Release|Any CPU
		{8F379644-42C2-448A-A9E9-39BE80C85587}.Debug|Any CPU.ActiveCfg = Debug|Any CPU
		{8F379644-42C2-448A-A9E9-39BE80C85587}.Debug|Any CPU.Build.0 = Debug|Any CPU
		{8F379644-42C2-448A-A9E9-39BE80C85587}.Release|Any CPU.ActiveCfg = Release|Any CPU
		{8F379644-42C2-448A-A9E9-39BE80C85587}.Release|Any CPU.Build.0 = Release|Any CPU
	EndGlobalSection
	GlobalSection(SolutionProperties) = preSolution
		HideSolutionNode = FALSE
	EndGlobalSection
	GlobalSection(ExtensibilityGlobals) = postSolution
		SolutionGuid = {4F161039-335E-4682-AAE7-181869710208}
	EndGlobalSection
EndGlobal
